
Microsoft Visual Studio Solution File, Format Version 12.00
# Visual Studio Version 16
VisualStudioVersion = 16.0.30225.117
MinimumVisualStudioVersion = 10.0.40219.1
Project("{FAE04EC0-301F-11D3-BF4B-00C04F79EFBC}") = "TTracker", "TTracker\TTracker.csproj", "{D3172ECF-D1DA-46D1-B0EC-0B0E60948EBF}"
EndProject
Project("{FAE04EC0-301F-11D3-BF4B-00C04F79EFBC}") = "TournamentUI", "TournamentUI\TournamentUI.csproj", "{CA80B2DD-F67F-4305-A5CF-CB043A84B9CE}"
EndProject
Global
	GlobalSection(SolutionConfigurationPlatforms) = preSolution
		Debug|Any CPU = Debug|Any CPU
		Release|Any CPU = Release|Any CPU
	EndGlobalSection
	GlobalSection(ProjectConfigurationPlatforms) = postSolution
		{D3172ECF-D1DA-46D1-B0EC-0B0E60948EBF}.Debug|Any CPU.ActiveCfg = Debug|Any CPU
		{D3172ECF-D1DA-46D1-B0EC-0B0E60948EBF}.Debug|Any CPU.Build.0 = Debug|Any CPU
		{D3172ECF-D1DA-46D1-B0EC-0B0E60948EBF}.Release|Any CPU.ActiveCfg = Release|Any CPU
		{D3172ECF-D1DA-46D1-B0EC-0B0E60948EBF}.Release|Any CPU.Build.0 = Release|Any CPU
		{CA80B2DD-F67F-4305-A5CF-CB043A84B9CE}.Debug|Any CPU.ActiveCfg = Debug|Any CPU
		{CA80B2DD-F67F-4305-A5CF-CB043A84B9CE}.Debug|Any CPU.Build.0 = Debug|Any CPU
		{CA80B2DD-F67F-4305-A5CF-CB043A84B9CE}.Release|Any CPU.ActiveCfg = Release|Any CPU
		{CA80B2DD-F67F-4305-A5CF-CB043A84B9CE}.Release|Any CPU.Build.0 = Release|Any CPU
	EndGlobalSection
	GlobalSection(SolutionProperties) = preSolution
		HideSolutionNode = FALSE
	EndGlobalSection
	GlobalSection(ExtensibilityGlobals) = postSolution
		SolutionGuid = {B2763E01-D873-44CF-9656-F368F2335F0A}
	EndGlobalSection
EndGlobal
